
Microsoft Visual Studio Solution File, Format Version 12.00
# Visual Studio Version 17
VisualStudioVersion = 17.11.35222.181
MinimumVisualStudioVersion = 10.0.40219.1
Project("{9A19103F-16F7-4668-BE54-9A1E7A4F7556}") = "OneMicroService.API", "OneMicroService\OneMicroService.API.csproj", "{E4696E75-B820-4239-9569-AA57800BBDBC}"
EndProject
Project("{9A19103F-16F7-4668-BE54-9A1E7A4F7556}") = "TwoMicroService.API", "TwoMicroService.API\TwoMicroService.API.csproj", "{1ED314EC-4497-4E35-8D89-1E5C83083FCF}"
EndProject
Project("{9A19103F-16F7-4668-BE54-9A1E7A4F7556}") = "Bus.Shared", "Bus.Shared\Bus.Shared.csproj", "{A5E1F4F5-1854-42E5-BE4B-EC25F2060D8E}"
EndProject
Project("{9A19103F-16F7-4668-BE54-9A1E7A4F7556}") = "RabbitMQExample.API", "RabbitMQExample.API\RabbitMQExample.API.csproj", "{C0F20AF3-E3AA-48AC-B209-54D9DB8F4D9F}"
EndProject
Project("{9A19103F-16F7-4668-BE54-9A1E7A4F7556}") = "WorkerService", "WorkerService\WorkerService.csproj", "{8EB0A6E4-B98C-4804-A39A-8DDF33C28760}"
EndProject
Project("{2150E333-8FDC-42A3-9474-1A3956D46DE8}") = "Docker", "Docker", "{E65B421F-A70B-44EC-90A2-4B0B22A3E120}"
EndProject
Project("{9A19103F-16F7-4668-BE54-9A1E7A4F7556}") = "Docker.Api", "Docker.Api\Docker.Api.csproj", "{169FABDB-B70A-40DE-8CD8-55AF64F46FDD}"
EndProject
Project("{E53339B2-1760-4266-BCC7-CA923CBCF16C}") = "docker-compose", "docker-compose.dcproj", "{6C837D61-16BE-4CCD-BDD9-2970633A9CBE}"
EndProject
Project("{9A19103F-16F7-4668-BE54-9A1E7A4F7556}") = "Docker2.Api", "Docker2.Api\Docker2.Api.csproj", "{96D15E96-F142-428C-BF75-1155C3562B89}"
EndProject
Project("{9A19103F-16F7-4668-BE54-9A1E7A4F7556}") = "Migration.WorkerService", "Migration.WorkerService\Migration.WorkerService.csproj", "{048CE132-E592-41AD-BCE2-5BA175127069}"
EndProject
Project("{2150E333-8FDC-42A3-9474-1A3956D46DE8}") = "KeyCLesson", "KeyCLesson", "{F5443DEF-C338-444D-8422-19D4F1728878}"
EndProject
Project("{9A19103F-16F7-4668-BE54-9A1E7A4F7556}") = "Key.Web", "Key.Web\Key.Web.csproj", "{A2271B95-B84B-41F7-8F9F-7EB934EDF372}"
EndProject
Project("{9A19103F-16F7-4668-BE54-9A1E7A4F7556}") = "Key.Api", "Key.Api\Key.Api.csproj", "{00112705-5F03-45E1-A62B-6FDC8856029A}"
EndProject
Project("{2150E333-8FDC-42A3-9474-1A3956D46DE8}") = "Observability", "Observability", "{4A8B4BEB-00A8-4755-A431-ADFD33B0A439}"
EndProject
Project("{9A19103F-16F7-4668-BE54-9A1E7A4F7556}") = "OpenTelemetryMicro1.Api", "OpenTelemetryMicro1.Api\OpenTelemetryMicro1.Api.csproj", "{3FE98239-9F75-4C4C-A25C-0729FA4ECECD}"
EndProject
Project("{9A19103F-16F7-4668-BE54-9A1E7A4F7556}") = "OpenTelemetryMicro2.Api", "OpenTelemetryMicro2.Api\OpenTelemetryMicro2.Api.csproj", "{E3822A6B-82EE-4455-A8C0-A92B0EB0102C}"
EndProject
Project("{2150E333-8FDC-42A3-9474-1A3956D46DE8}") = "GateWay", "GateWay", "{C704866C-2904-47A0-B2B7-2D9FF86597A1}"
EndProject
Project("{FAE04EC0-301F-11D3-BF4B-00C04F79EFBC}") = "GatewayMicroservice1.Api", "GatewayMicroservice1.Api\GatewayMicroservice1.Api.csproj", "{E27DD268-E751-4F77-9F2E-3D21F410A001}"
EndProject
Project("{FAE04EC0-301F-11D3-BF4B-00C04F79EFBC}") = "Gateway.Api", "Gateway.Api\Gateway.Api.csproj", "{2686E2E6-0A3A-4DBE-B402-242BE73D8F42}"
EndProject
Global
	GlobalSection(SolutionConfigurationPlatforms) = preSolution
		Debug|Any CPU = Debug|Any CPU
		Release|Any CPU = Release|Any CPU
	EndGlobalSection
	GlobalSection(ProjectConfigurationPlatforms) = postSolution
		{E4696E75-B820-4239-9569-AA57800BBDBC}.Debug|Any CPU.ActiveCfg = Debug|Any CPU
		{E4696E75-B820-4239-9569-AA57800BBDBC}.Debug|Any CPU.Build.0 = Debug|Any CPU
		{E4696E75-B820-4239-9569-AA57800BBDBC}.Release|Any CPU.ActiveCfg = Release|Any CPU
		{E4696E75-B820-4239-9569-AA57800BBDBC}.Release|Any CPU.Build.0 = Release|Any CPU
		{1ED314EC-4497-4E35-8D89-1E5C83083FCF}.Debug|Any CPU.ActiveCfg = Debug|Any CPU
		{1ED314EC-4497-4E35-8D89-1E5C83083FCF}.Debug|Any CPU.Build.0 = Debug|Any CPU
		{1ED314EC-4497-4E35-8D89-1E5C83083FCF}.Release|Any CPU.ActiveCfg = Release|Any CPU
		{1ED314EC-4497-4E35-8D89-1E5C83083FCF}.Release|Any CPU.Build.0 = Release|Any CPU
		{A5E1F4F5-1854-42E5-BE4B-EC25F2060D8E}.Debug|Any CPU.ActiveCfg = Debug|Any CPU
		{A5E1F4F5-1854-42E5-BE4B-EC25F2060D8E}.Debug|Any CPU.Build.0 = Debug|Any CPU
		{A5E1F4F5-1854-42E5-BE4B-EC25F2060D8E}.Release|Any CPU.ActiveCfg = Release|Any CPU
		{A5E1F4F5-1854-42E5-BE4B-EC25F2060D8E}.Release|Any CPU.Build.0 = Release|Any CPU
		{C0F20AF3-E3AA-48AC-B209-54D9DB8F4D9F}.Debug|Any CPU.ActiveCfg = Debug|Any CPU
		{C0F20AF3-E3AA-48AC-B209-54D9DB8F4D9F}.Debug|Any CPU.Build.0 = Debug|Any CPU
		{C0F20AF3-E3AA-48AC-B209-54D9DB8F4D9F}.Release|Any CPU.ActiveCfg = Release|Any CPU
		{C0F20AF3-E3AA-48AC-B209-54D9DB8F4D9F}.Release|Any CPU.Build.0 = Release|Any CPU
		{8EB0A6E4-B98C-4804-A39A-8DDF33C28760}.Debug|Any CPU.ActiveCfg = Debug|Any CPU
		{8EB0A6E4-B98C-4804-A39A-8DDF33C28760}.Debug|Any CPU.Build.0 = Debug|Any CPU
		{8EB0A6E4-B98C-4804-A39A-8DDF33C28760}.Release|Any CPU.ActiveCfg = Release|Any CPU
		{8EB0A6E4-B98C-4804-A39A-8DDF33C28760}.Release|Any CPU.Build.0 = Release|Any CPU
		{169FABDB-B70A-40DE-8CD8-55AF64F46FDD}.Debug|Any CPU.ActiveCfg = Debug|Any CPU
		{169FABDB-B70A-40DE-8CD8-55AF64F46FDD}.Debug|Any CPU.Build.0 = Debug|Any CPU
		{169FABDB-B70A-40DE-8CD8-55AF64F46FDD}.Release|Any CPU.ActiveCfg = Release|Any CPU
		{169FABDB-B70A-40DE-8CD8-55AF64F46FDD}.Release|Any CPU.Build.0 = Release|Any CPU
		{6C837D61-16BE-4CCD-BDD9-2970633A9CBE}.Debug|Any CPU.ActiveCfg = Debug|Any CPU
		{6C837D61-16BE-4CCD-BDD9-2970633A9CBE}.Debug|Any CPU.Build.0 = Debug|Any CPU
		{6C837D61-16BE-4CCD-BDD9-2970633A9CBE}.Release|Any CPU.ActiveCfg = Release|Any CPU
		{6C837D61-16BE-4CCD-BDD9-2970633A9CBE}.Release|Any CPU.Build.0 = Release|Any CPU
		{96D15E96-F142-428C-BF75-1155C3562B89}.Debug|Any CPU.ActiveCfg = Debug|Any CPU
		{96D15E96-F142-428C-BF75-1155C3562B89}.Debug|Any CPU.Build.0 = Debug|Any CPU
		{96D15E96-F142-428C-BF75-1155C3562B89}.Release|Any CPU.ActiveCfg = Release|Any CPU
		{96D15E96-F142-428C-BF75-1155C3562B89}.Release|Any CPU.Build.0 = Release|Any CPU
		{048CE132-E592-41AD-BCE2-5BA175127069}.Debug|Any CPU.ActiveCfg = Debug|Any CPU
		{048CE132-E592-41AD-BCE2-5BA175127069}.Debug|Any CPU.Build.0 = Debug|Any CPU
		{048CE132-E592-41AD-BCE2-5BA175127069}.Release|Any CPU.ActiveCfg = Release|Any CPU
		{048CE132-E592-41AD-BCE2-5BA175127069}.Release|Any CPU.Build.0 = Release|Any CPU
		{A2271B95-B84B-41F7-8F9F-7EB934EDF372}.Debug|Any CPU.ActiveCfg = Debug|Any CPU
		{A2271B95-B84B-41F7-8F9F-7EB934EDF372}.Debug|Any CPU.Build.0 = Debug|Any CPU
		{A2271B95-B84B-41F7-8F9F-7EB934EDF372}.Release|Any CPU.ActiveCfg = Release|Any CPU
		{A2271B95-B84B-41F7-8F9F-7EB934EDF372}.Release|Any CPU.Build.0 = Release|Any CPU
		{00112705-5F03-45E1-A62B-6FDC8856029A}.Debug|Any CPU.ActiveCfg = Debug|Any CPU
		{00112705-5F03-45E1-A62B-6FDC8856029A}.Debug|Any CPU.Build.0 = Debug|Any CPU
		{00112705-5F03-45E1-A62B-6FDC8856029A}.Release|Any CPU.ActiveCfg = Release|Any CPU
		{00112705-5F03-45E1-A62B-6FDC8856029A}.Release|Any CPU.Build.0 = Release|Any CPU
		{3FE98239-9F75-4C4C-A25C-0729FA4ECECD}.Debug|Any CPU.ActiveCfg = Debug|Any CPU
		{3FE98239-9F75-4C4C-A25C-0729FA4ECECD}.Debug|Any CPU.Build.0 = Debug|Any CPU
		{3FE98239-9F75-4C4C-A25C-0729FA4ECECD}.Release|Any CPU.ActiveCfg = Release|Any CPU
		{3FE98239-9F75-4C4C-A25C-0729FA4ECECD}.Release|Any CPU.Build.0 = Release|Any CPU
		{E3822A6B-82EE-4455-A8C0-A92B0EB0102C}.Debug|Any CPU.ActiveCfg = Debug|Any CPU
		{E3822A6B-82EE-4455-A8C0-A92B0EB0102C}.Debug|Any CPU.Build.0 = Debug|Any CPU
		{E3822A6B-82EE-4455-A8C0-A92B0EB0102C}.Release|Any CPU.ActiveCfg = Release|Any CPU
		{E3822A6B-82EE-4455-A8C0-A92B0EB0102C}.Release|Any CPU.Build.0 = Release|Any CPU
		{E27DD268-E751-4F77-9F2E-3D21F410A001}.Debug|Any CPU.ActiveCfg = Debug|Any CPU
		{E27DD268-E751-4F77-9F2E-3D21F410A001}.Debug|Any CPU.Build.0 = Debug|Any CPU
		{E27DD268-E751-4F77-9F2E-3D21F410A001}.Release|Any CPU.ActiveCfg = Release|Any CPU
		{E27DD268-E751-4F77-9F2E-3D21F410A001}.Release|Any CPU.Build.0 = Release|Any CPU
		{2686E2E6-0A3A-4DBE-B402-242BE73D8F42}.Debug|Any CPU.ActiveCfg = Debug|Any CPU
		{2686E2E6-0A3A-4DBE-B402-242BE73D8F42}.Debug|Any CPU.Build.0 = Debug|Any CPU
		{2686E2E6-0A3A-4DBE-B402-242BE73D8F42}.Release|Any CPU.ActiveCfg = Release|Any CPU
		{2686E2E6-0A3A-4DBE-B402-242BE73D8F42}.Release|Any CPU.Build.0 = Release|Any CPU
	EndGlobalSection
	GlobalSection(SolutionProperties) = preSolution
		HideSolutionNode = FALSE
	EndGlobalSection
	GlobalSection(NestedProjects) = preSolution
		{169FABDB-B70A-40DE-8CD8-55AF64F46FDD} = {E65B421F-A70B-44EC-90A2-4B0B22A3E120}
		{96D15E96-F142-428C-BF75-1155C3562B89} = {E65B421F-A70B-44EC-90A2-4B0B22A3E120}
		{048CE132-E592-41AD-BCE2-5BA175127069} = {E65B421F-A70B-44EC-90A2-4B0B22A3E120}
		{A2271B95-B84B-41F7-8F9F-7EB934EDF372} = {F5443DEF-C338-444D-8422-19D4F1728878}
		{00112705-5F03-45E1-A62B-6FDC8856029A} = {F5443DEF-C338-444D-8422-19D4F1728878}
		{3FE98239-9F75-4C4C-A25C-0729FA4ECECD} = {4A8B4BEB-00A8-4755-A431-ADFD33B0A439}
		{E3822A6B-82EE-4455-A8C0-A92B0EB0102C} = {4A8B4BEB-00A8-4755-A431-ADFD33B0A439}
		{E27DD268-E751-4F77-9F2E-3D21F410A001} = {C704866C-2904-47A0-B2B7-2D9FF86597A1}
		{2686E2E6-0A3A-4DBE-B402-242BE73D8F42} = {C704866C-2904-47A0-B2B7-2D9FF86597A1}
	EndGlobalSection
	GlobalSection(ExtensibilityGlobals) = postSolution
		SolutionGuid = {516BE355-4482-4094-B57A-6B8649AD0433}
	EndGlobalSection
EndGlobal
